// !$*UTF8*$!
{
	archiveVersion = 1;
	classes = {
	};
	objectVersion = 50;
	objects = {

/* Begin PBXBuildFile section */
		84DA247D260C8B6000FC0855 /* AppDelegate.swift in Sources */ = {isa = PBXBuildFile; fileRef = 84DA247C260C8B6000FC0855 /* AppDelegate.swift */; };
		84DA247F260C8B6100FC0855 /* SceneDelegate.swift in Sources */ = {isa = PBXBuildFile; fileRef = 84DA247E260C8B6000FC0855 /* SceneDelegate.swift */; };
		84DA2481260C8B6100FC0855 /* ConversationsViewController.swift in Sources */ = {isa = PBXBuildFile; fileRef = 84DA2480260C8B6100FC0855 /* ConversationsViewController.swift */; };
		84DA2484260C8B6100FC0855 /* Main.storyboard in Resources */ = {isa = PBXBuildFile; fileRef = 84DA2482260C8B6100FC0855 /* Main.storyboard */; };
		84DA2486260C8B6200FC0855 /* Assets.xcassets in Resources */ = {isa = PBXBuildFile; fileRef = 84DA2485260C8B6200FC0855 /* Assets.xcassets */; };
		84DA2489260C8B6200FC0855 /* LaunchScreen.storyboard in Resources */ = {isa = PBXBuildFile; fileRef = 84DA2487260C8B6200FC0855 /* LaunchScreen.storyboard */; };
		84E95933260D66A900D587CC /* LoginViewController.swift in Sources */ = {isa = PBXBuildFile; fileRef = 84E95932260D66A900D587CC /* LoginViewController.swift */; };
		84E95936260D66BB00D587CC /* RegistrationViewController.swift in Sources */ = {isa = PBXBuildFile; fileRef = 84E95935260D66BB00D587CC /* RegistrationViewController.swift */; };
		84E95939260D66DB00D587CC /* PhotoViewerViewController.swift in Sources */ = {isa = PBXBuildFile; fileRef = 84E95938260D66DB00D587CC /* PhotoViewerViewController.swift */; };
		84E9593C260D66E400D587CC /* VideoPlayerViewController.swift in Sources */ = {isa = PBXBuildFile; fileRef = 84E9593B260D66E400D587CC /* VideoPlayerViewController.swift */; };
		84E9593F260D670900D587CC /* NewConversationViewController.swift in Sources */ = {isa = PBXBuildFile; fileRef = 84E9593E260D670900D587CC /* NewConversationViewController.swift */; };
		84E95942260D671400D587CC /* ProfileViewController.swift in Sources */ = {isa = PBXBuildFile; fileRef = 84E95941260D671400D587CC /* ProfileViewController.swift */; };
/* End PBXBuildFile section */

/* Begin PBXFileReference section */
		84DA2479260C8B6000FC0855 /* Messenger.app */ = {isa = PBXFileReference; explicitFileType = wrapper.application; includeInIndex = 0; path = Messenger.app; sourceTree = BUILT_PRODUCTS_DIR; };
		84DA247C260C8B6000FC0855 /* AppDelegate.swift */ = {isa = PBXFileReference; lastKnownFileType = sourcecode.swift; path = AppDelegate.swift; sourceTree = "<group>"; };
		84DA247E260C8B6000FC0855 /* SceneDelegate.swift */ = {isa = PBXFileReference; lastKnownFileType = sourcecode.swift; path = SceneDelegate.swift; sourceTree = "<group>"; };
		84DA2480260C8B6100FC0855 /* ConversationsViewController.swift */ = {isa = PBXFileReference; lastKnownFileType = sourcecode.swift; path = ConversationsViewController.swift; sourceTree = "<group>"; };
		84DA2483260C8B6100FC0855 /* Base */ = {isa = PBXFileReference; lastKnownFileType = file.storyboard; name = Base; path = Base.lproj/Main.storyboard; sourceTree = "<group>"; };
		84DA2485260C8B6200FC0855 /* Assets.xcassets */ = {isa = PBXFileReference; lastKnownFileType = folder.assetcatalog; path = Assets.xcassets; sourceTree = "<group>"; };
		84DA2488260C8B6200FC0855 /* Base */ = {isa = PBXFileReference; lastKnownFileType = file.storyboard; name = Base; path = Base.lproj/LaunchScreen.storyboard; sourceTree = "<group>"; };
		84DA248A260C8B6200FC0855 /* Info.plist */ = {isa = PBXFileReference; lastKnownFileType = text.plist.xml; path = Info.plist; sourceTree = "<group>"; };
		84E95932260D66A900D587CC /* LoginViewController.swift */ = {isa = PBXFileReference; lastKnownFileType = sourcecode.swift; path = LoginViewController.swift; sourceTree = "<group>"; };
		84E95935260D66BB00D587CC /* RegistrationViewController.swift */ = {isa = PBXFileReference; lastKnownFileType = sourcecode.swift; path = RegistrationViewController.swift; sourceTree = "<group>"; };
		84E95938260D66DB00D587CC /* PhotoViewerViewController.swift */ = {isa = PBXFileReference; lastKnownFileType = sourcecode.swift; path = PhotoViewerViewController.swift; sourceTree = "<group>"; };
		84E9593B260D66E400D587CC /* VideoPlayerViewController.swift */ = {isa = PBXFileReference; lastKnownFileType = sourcecode.swift; path = VideoPlayerViewController.swift; sourceTree = "<group>"; };
		84E9593E260D670900D587CC /* NewConversationViewController.swift */ = {isa = PBXFileReference; lastKnownFileType = sourcecode.swift; path = NewConversationViewController.swift; sourceTree = "<group>"; };
		84E95941260D671400D587CC /* ProfileViewController.swift */ = {isa = PBXFileReference; lastKnownFileType = sourcecode.swift; path = ProfileViewController.swift; sourceTree = "<group>"; };
/* End PBXFileReference section */

/* Begin PBXFrameworksBuildPhase section */
		84DA2476260C8B6000FC0855 /* Frameworks */ = {
			isa = PBXFrameworksBuildPhase;
			buildActionMask = 2147483647;
			files = (
			);
			runOnlyForDeploymentPostprocessing = 0;
		};
/* End PBXFrameworksBuildPhase section */

/* Begin PBXGroup section */
		84DA2470260C8B6000FC0855 = {
			isa = PBXGroup;
			children = (
				84DA247B260C8B6000FC0855 /* Messenger */,
				84DA247A260C8B6000FC0855 /* Products */,
			);
			sourceTree = "<group>";
		};
		84DA247A260C8B6000FC0855 /* Products */ = {
			isa = PBXGroup;
			children = (
				84DA2479260C8B6000FC0855 /* Messenger.app */,
			);
			name = Products;
			sourceTree = "<group>";
		};
		84DA247B260C8B6000FC0855 /* Messenger */ = {
			isa = PBXGroup;
			children = (
				84DA2495260C8D1900FC0855 /* Resources */,
				84DA2494260C8D1400FC0855 /* ViewModels */,
				84DA2493260C8D0F00FC0855 /* Models */,
				84DA2492260C8D0A00FC0855 /* Views */,
				84DA2491260C8CD900FC0855 /* Controllers */,
				84DA248A260C8B6200FC0855 /* Info.plist */,
			);
			path = Messenger;
			sourceTree = "<group>";
		};
		84DA2491260C8CD900FC0855 /* Controllers */ = {
			isa = PBXGroup;
			children = (
				84DA2480260C8B6100FC0855 /* ConversationsViewController.swift */,
				84E95932260D66A900D587CC /* LoginViewController.swift */,
				84E95935260D66BB00D587CC /* RegistrationViewController.swift */,
				84E95938260D66DB00D587CC /* PhotoViewerViewController.swift */,
				84E9593B260D66E400D587CC /* VideoPlayerViewController.swift */,
				84E9593E260D670900D587CC /* NewConversationViewController.swift */,
				84E95941260D671400D587CC /* ProfileViewController.swift */,
			);
			path = Controllers;
			sourceTree = "<group>";
		};
		84DA2492260C8D0A00FC0855 /* Views */ = {
			isa = PBXGroup;
			children = (
				84DA2496260C8D3A00FC0855 /* Storyboards */,
				84DA2485260C8B6200FC0855 /* Assets.xcassets */,
			);
			path = Views;
			sourceTree = "<group>";
		};
		84DA2493260C8D0F00FC0855 /* Models */ = {
			isa = PBXGroup;
			children = (
			);
			path = Models;
			sourceTree = "<group>";
		};
		84DA2494260C8D1400FC0855 /* ViewModels */ = {
			isa = PBXGroup;
			children = (
			);
			path = ViewModels;
			sourceTree = "<group>";
		};
		84DA2495260C8D1900FC0855 /* Resources */ = {
			isa = PBXGroup;
			children = (
				84DA247C260C8B6000FC0855 /* AppDelegate.swift */,
				84DA247E260C8B6000FC0855 /* SceneDelegate.swift */,
			);
			path = Resources;
			sourceTree = "<group>";
		};
		84DA2496260C8D3A00FC0855 /* Storyboards */ = {
			isa = PBXGroup;
			children = (
				84DA2482260C8B6100FC0855 /* Main.storyboard */,
				84DA2487260C8B6200FC0855 /* LaunchScreen.storyboard */,
			);
			path = Storyboards;
			sourceTree = "<group>";
		};
/* End PBXGroup section */

/* Begin PBXNativeTarget section */
		84DA2478260C8B6000FC0855 /* Messenger */ = {
			isa = PBXNativeTarget;
			buildConfigurationList = 84DA248D260C8B6200FC0855 /* Build configuration list for PBXNativeTarget "Messenger" */;
			buildPhases = (
				84DA2475260C8B6000FC0855 /* Sources */,
				84DA2476260C8B6000FC0855 /* Frameworks */,
				84DA2477260C8B6000FC0855 /* Resources */,
			);
			buildRules = (
			);
			dependencies = (
			);
			name = Messenger;
			productName = Messenger;
			productReference = 84DA2479260C8B6000FC0855 /* Messenger.app */;
			productType = "com.apple.product-type.application";
		};
/* End PBXNativeTarget section */

/* Begin PBXProject section */
		84DA2471260C8B6000FC0855 /* Project object */ = {
			isa = PBXProject;
			attributes = {
				LastSwiftUpdateCheck = 1240;
				LastUpgradeCheck = 1240;
				TargetAttributes = {
					84DA2478260C8B6000FC0855 = {
						CreatedOnToolsVersion = 12.4;
					};
				};
			};
			buildConfigurationList = 84DA2474260C8B6000FC0855 /* Build configuration list for PBXProject "Messenger" */;
			compatibilityVersion = "Xcode 9.3";
			developmentRegion = en;
			hasScannedForEncodings = 0;
			knownRegions = (
				en,
				Base,
			);
			mainGroup = 84DA2470260C8B6000FC0855;
			productRefGroup = 84DA247A260C8B6000FC0855 /* Products */;
			projectDirPath = "";
			projectRoot = "";
			targets = (
				84DA2478260C8B6000FC0855 /* Messenger */,
			);
		};
/* End PBXProject section */

/* Begin PBXResourcesBuildPhase section */
		84DA2477260C8B6000FC0855 /* Resources */ = {
			isa = PBXResourcesBuildPhase;
			buildActionMask = 2147483647;
			files = (
				84DA2489260C8B6200FC0855 /* LaunchScreen.storyboard in Resources */,
				84DA2486260C8B6200FC0855 /* Assets.xcassets in Resources */,
				84DA2484260C8B6100FC0855 /* Main.storyboard in Resources */,
			);
			runOnlyForDeploymentPostprocessing = 0;
		};
/* End PBXResourcesBuildPhase section */

/* Begin PBXSourcesBuildPhase section */
		84DA2475260C8B6000FC0855 /* Sources */ = {
			isa = PBXSourcesBuildPhase;
			buildActionMask = 2147483647;
			files = (
				84E95933260D66A900D587CC /* LoginViewController.swift in Sources */,
				84DA2481260C8B6100FC0855 /* ConversationsViewController.swift in Sources */,
				84E9593F260D670900D587CC /* NewConversationViewController.swift in Sources */,
				84DA247D260C8B6000FC0855 /* AppDelegate.swift in Sources */,
				84E9593C260D66E400D587CC /* VideoPlayerViewController.swift in Sources */,
				84DA247F260C8B6100FC0855 /* SceneDelegate.swift in Sources */,
				84E95942260D671400D587CC /* ProfileViewController.swift in Sources */,
				84E95936260D66BB00D587CC /* RegistrationViewController.swift in Sources */,
				84E95939260D66DB00D587CC /* PhotoViewerViewController.swift in Sources */,
			);
			runOnlyForDeploymentPostprocessing = 0;
		};
/* End PBXSourcesBuildPhase section */

/* Begin PBXVariantGroup section */
		84DA2482260C8B6100FC0855 /* Main.storyboard */ = {
			isa = PBXVariantGroup;
			children = (
				84DA2483260C8B6100FC0855 /* Base */,
			);
			name = Main.storyboard;
			sourceTree = "<group>";
		};
		84DA2487260C8B6200FC0855 /* LaunchScreen.storyboard */ = {
			isa = PBXVariantGroup;
			children = (
				84DA2488260C8B6200FC0855 /* Base */,
			);
			name = LaunchScreen.storyboard;
			sourceTree = "<group>";
		};
/* End PBXVariantGroup section */

/* Begin XCBuildConfiguration section */
		84DA248B260C8B6200FC0855 /* Debug */ = {
			isa = XCBuildConfiguration;
			buildSettings = {
				ALWAYS_SEARCH_USER_PATHS = NO;
				CLANG_ANALYZER_NONNULL = YES;
				CLANG_ANALYZER_NUMBER_OBJECT_CONVERSION = YES_AGGRESSIVE;
				CLANG_CXX_LANGUAGE_STANDARD = "gnu++14";
				CLANG_CXX_LIBRARY = "libc++";
				CLANG_ENABLE_MODULES = YES;
				CLANG_ENABLE_OBJC_ARC = YES;
				CLANG_ENABLE_OBJC_WEAK = YES;
				CLANG_WARN_BLOCK_CAPTURE_AUTORELEASING = YES;
				CLANG_WARN_BOOL_CONVERSION = YES;
				CLANG_WARN_COMMA = YES;
				CLANG_WARN_CONSTANT_CONVERSION = YES;
				CLANG_WARN_DEPRECATED_OBJC_IMPLEMENTATIONS = YES;
				CLANG_WARN_DIRECT_OBJC_ISA_USAGE = YES_ERROR;
				CLANG_WARN_DOCUMENTATION_COMMENTS = YES;
				CLANG_WARN_EMPTY_BODY = YES;
				CLANG_WARN_ENUM_CONVERSION = YES;
				CLANG_WARN_INFINITE_RECURSION = YES;
				CLANG_WARN_INT_CONVERSION = YES;
				CLANG_WARN_NON_LITERAL_NULL_CONVERSION = YES;
				CLANG_WARN_OBJC_IMPLICIT_RETAIN_SELF = YES;
				CLANG_WARN_OBJC_LITERAL_CONVERSION = YES;
				CLANG_WARN_OBJC_ROOT_CLASS = YES_ERROR;
				CLANG_WARN_QUOTED_INCLUDE_IN_FRAMEWORK_HEADER = YES;
				CLANG_WARN_RANGE_LOOP_ANALYSIS = YES;
				CLANG_WARN_STRICT_PROTOTYPES = YES;
				CLANG_WARN_SUSPICIOUS_MOVE = YES;
				CLANG_WARN_UNGUARDED_AVAILABILITY = YES_AGGRESSIVE;
				CLANG_WARN_UNREACHABLE_CODE = YES;
				CLANG_WARN__DUPLICATE_METHOD_MATCH = YES;
				COPY_PHASE_STRIP = NO;
				DEBUG_INFORMATION_FORMAT = dwarf;
				ENABLE_STRICT_OBJC_MSGSEND = YES;
				ENABLE_TESTABILITY = YES;
				GCC_C_LANGUAGE_STANDARD = gnu11;
				GCC_DYNAMIC_NO_PIC = NO;
				GCC_NO_COMMON_BLOCKS = YES;
				GCC_OPTIMIZATION_LEVEL = 0;
				GCC_PREPROCESSOR_DEFINITIONS = (
					"DEBUG=1",
					"$(inherited)",
				);
				GCC_WARN_64_TO_32_BIT_CONVERSION = YES;
				GCC_WARN_ABOUT_RETURN_TYPE = YES_ERROR;
				GCC_WARN_UNDECLARED_SELECTOR = YES;
				GCC_WARN_UNINITIALIZED_AUTOS = YES_AGGRESSIVE;
				GCC_WARN_UNUSED_FUNCTION = YES;
				GCC_WARN_UNUSED_VARIABLE = YES;
				IPHONEOS_DEPLOYMENT_TARGET = 14.4;
				MTL_ENABLE_DEBUG_INFO = INCLUDE_SOURCE;
				MTL_FAST_MATH = YES;
				ONLY_ACTIVE_ARCH = YES;
				SDKROOT = iphoneos;
				SWIFT_ACTIVE_COMPILATION_CONDITIONS = DEBUG;
				SWIFT_OPTIMIZATION_LEVEL = "-Onone";
			};
			name = Debug;
		};
		84DA248C260C8B6200FC0855 /* Release */ = {
			isa = XCBuildConfiguration;
			buildSettings = {
				ALWAYS_SEARCH_USER_PATHS = NO;
				CLANG_ANALYZER_NONNULL = YES;
				CLANG_ANALYZER_NUMBER_OBJECT_CONVERSION = YES_AGGRESSIVE;
				CLANG_CXX_LANGUAGE_STANDARD = "gnu++14";
				CLANG_CXX_LIBRARY = "libc++";
				CLANG_ENABLE_MODULES = YES;
				CLANG_ENABLE_OBJC_ARC = YES;
				CLANG_ENABLE_OBJC_WEAK = YES;
				CLANG_WARN_BLOCK_CAPTURE_AUTORELEASING = YES;
				CLANG_WARN_BOOL_CONVERSION = YES;
				CLANG_WARN_COMMA = YES;
				CLANG_WARN_CONSTANT_CONVERSION = YES;
				CLANG_WARN_DEPRECATED_OBJC_IMPLEMENTATIONS = YES;
				CLANG_WARN_DIRECT_OBJC_ISA_USAGE = YES_ERROR;
				CLANG_WARN_DOCUMENTATION_COMMENTS = YES;
				CLANG_WARN_EMPTY_BODY = YES;
				CLANG_WARN_ENUM_CONVERSION = YES;
				CLANG_WARN_INFINITE_RECURSION = YES;
				CLANG_WARN_INT_CONVERSION = YES;
				CLANG_WARN_NON_LITERAL_NULL_CONVERSION = YES;
				CLANG_WARN_OBJC_IMPLICIT_RETAIN_SELF = YES;
				CLANG_WARN_OBJC_LITERAL_CONVERSION = YES;
				CLANG_WARN_OBJC_ROOT_CLASS = YES_ERROR;
				CLANG_WARN_QUOTED_INCLUDE_IN_FRAMEWORK_HEADER = YES;
				CLANG_WARN_RANGE_LOOP_ANALYSIS = YES;
				CLANG_WARN_STRICT_PROTOTYPES = YES;
				CLANG_WARN_SUSPICIOUS_MOVE = YES;
				CLANG_WARN_UNGUARDED_AVAILABILITY = YES_AGGRESSIVE;
				CLANG_WARN_UNREACHABLE_CODE = YES;
				CLANG_WARN__DUPLICATE_METHOD_MATCH = YES;
				COPY_PHASE_STRIP = NO;
				DEBUG_INFORMATION_FORMAT = "dwarf-with-dsym";
				ENABLE_NS_ASSERTIONS = NO;
				ENABLE_STRICT_OBJC_MSGSEND = YES;
				GCC_C_LANGUAGE_STANDARD = gnu11;
				GCC_NO_COMMON_BLOCKS = YES;
				GCC_WARN_64_TO_32_BIT_CONVERSION = YES;
				GCC_WARN_ABOUT_RETURN_TYPE = YES_ERROR;
				GCC_WARN_UNDECLARED_SELECTOR = YES;
				GCC_WARN_UNINITIALIZED_AUTOS = YES_AGGRESSIVE;
				GCC_WARN_UNUSED_FUNCTION = YES;
				GCC_WARN_UNUSED_VARIABLE = YES;
				IPHONEOS_DEPLOYMENT_TARGET = 14.4;
				MTL_ENABLE_DEBUG_INFO = NO;
				MTL_FAST_MATH = YES;
				SDKROOT = iphoneos;
				SWIFT_COMPILATION_MODE = wholemodule;
				SWIFT_OPTIMIZATION_LEVEL = "-O";
				VALIDATE_PRODUCT = YES;
			};
			name = Release;
		};
		84DA248E260C8B6200FC0855 /* Debug */ = {
			isa = XCBuildConfiguration;
			buildSettings = {
				ASSETCATALOG_COMPILER_APPICON_NAME = AppIcon;
				ASSETCATALOG_COMPILER_GLOBAL_ACCENT_COLOR_NAME = AccentColor;
				CODE_SIGN_STYLE = Automatic;
				DEVELOPMENT_TEAM = 96B284D7CD;
				INFOPLIST_FILE = Messenger/Info.plist;
				LD_RUNPATH_SEARCH_PATHS = (
					"$(inherited)",
					"@executable_path/Frameworks",
				);
				PRODUCT_BUNDLE_IDENTIFIER = Asthenosphere.Messenger;
				PRODUCT_NAME = "$(TARGET_NAME)";
				SWIFT_VERSION = 5.0;
				TARGETED_DEVICE_FAMILY = "1,2";
			};
			name = Debug;
		};
		84DA248F260C8B6200FC0855 /* Release */ = {
			isa = XCBuildConfiguration;
			buildSettings = {
				ASSETCATALOG_COMPILER_APPICON_NAME = AppIcon;
				ASSETCATALOG_COMPILER_GLOBAL_ACCENT_COLOR_NAME = AccentColor;
				CODE_SIGN_STYLE = Automatic;
				DEVELOPMENT_TEAM = 96B284D7CD;
				INFOPLIST_FILE = Messenger/Info.plist;
				LD_RUNPATH_SEARCH_PATHS = (
					"$(inherited)",
					"@executable_path/Frameworks",
				);
				PRODUCT_BUNDLE_IDENTIFIER = Asthenosphere.Messenger;
				PRODUCT_NAME = "$(TARGET_NAME)";
				SWIFT_VERSION = 5.0;
				TARGETED_DEVICE_FAMILY = "1,2";
			};
			name = Release;
		};
/* End XCBuildConfiguration section */

/* Begin XCConfigurationList section */
		84DA2474260C8B6000FC0855 /* Build configuration list for PBXProject "Messenger" */ = {
			isa = XCConfigurationList;
			buildConfigurations = (
				84DA248B260C8B6200FC0855 /* Debug */,
				84DA248C260C8B6200FC0855 /* Release */,
			);
			defaultConfigurationIsVisible = 0;
			defaultConfigurationName = Release;
		};
		84DA248D260C8B6200FC0855 /* Build configuration list for PBXNativeTarget "Messenger" */ = {
			isa = XCConfigurationList;
			buildConfigurations = (
				84DA248E260C8B6200FC0855 /* Debug */,
				84DA248F260C8B6200FC0855 /* Release */,
			);
			defaultConfigurationIsVisible = 0;
			defaultConfigurationName = Release;
		};
/* End XCConfigurationList section */
	};
	rootObject = 84DA2471260C8B6000FC0855 /* Project object */;
}
